
Microsoft Visual Studio Solution File, Format Version 12.00
Project("{FAE04EC0-301F-11D3-BF4B-00C04F79EFBC}") = "Monshi.Web", "Monshi.Web\Monshi.Web.csproj", "{27BF6FBA-230D-4A38-B3C9-094DB0D44C3D}"
EndProject
Project("{FAE04EC0-301F-11D3-BF4B-00C04F79EFBC}") = "Monshi.Domain", "Monshi.Domain\Monshi.Domain.csproj", "{FE3C90D1-40B4-4CB1-A5DA-EA26A41F8203}"
EndProject
Project("{FAE04EC0-301F-11D3-BF4B-00C04F79EFBC}") = "Monshi.Data.SqlServer", "Monshi.Data.SqlServer\Monshi.Data.SqlServer.csproj", "{E84CD8CE-F41A-4177-B9F9-73BFDE1F1F2A}"
EndProject
Project("{FAE04EC0-301F-11D3-BF4B-00C04F79EFBC}") = "Monshi.ApplicationService", "Monshi.ApplicationService\Monshi.ApplicationService.csproj", "{0B69E68A-B0CB-4616-878B-4EB552E07E4E}"
EndProject
Project("{FAE04EC0-301F-11D3-BF4B-00C04F79EFBC}") = "Monshi.Infrastructure", "Monshi.Infrastructure\Monshi.Infrastructure.csproj", "{FCECB79B-29AA-4B8A-BCE1-7085CF86957E}"
EndProject
Global
	GlobalSection(SolutionConfigurationPlatforms) = preSolution
		Debug|Any CPU = Debug|Any CPU
		Release|Any CPU = Release|Any CPU
	EndGlobalSection
	GlobalSection(ProjectConfigurationPlatforms) = postSolution
		{27BF6FBA-230D-4A38-B3C9-094DB0D44C3D}.Debug|Any CPU.ActiveCfg = Debug|Any CPU
		{27BF6FBA-230D-4A38-B3C9-094DB0D44C3D}.Debug|Any CPU.Build.0 = Debug|Any CPU
		{27BF6FBA-230D-4A38-B3C9-094DB0D44C3D}.Release|Any CPU.ActiveCfg = Release|Any CPU
		{27BF6FBA-230D-4A38-B3C9-094DB0D44C3D}.Release|Any CPU.Build.0 = Release|Any CPU
		{FE3C90D1-40B4-4CB1-A5DA-EA26A41F8203}.Debug|Any CPU.ActiveCfg = Debug|Any CPU
		{FE3C90D1-40B4-4CB1-A5DA-EA26A41F8203}.Debug|Any CPU.Build.0 = Debug|Any CPU
		{FE3C90D1-40B4-4CB1-A5DA-EA26A41F8203}.Release|Any CPU.ActiveCfg = Release|Any CPU
		{FE3C90D1-40B4-4CB1-A5DA-EA26A41F8203}.Release|Any CPU.Build.0 = Release|Any CPU
		{E84CD8CE-F41A-4177-B9F9-73BFDE1F1F2A}.Debug|Any CPU.ActiveCfg = Debug|Any CPU
		{E84CD8CE-F41A-4177-B9F9-73BFDE1F1F2A}.Debug|Any CPU.Build.0 = Debug|Any CPU
		{E84CD8CE-F41A-4177-B9F9-73BFDE1F1F2A}.Release|Any CPU.ActiveCfg = Release|Any CPU
		{E84CD8CE-F41A-4177-B9F9-73BFDE1F1F2A}.Release|Any CPU.Build.0 = Release|Any CPU
		{0B69E68A-B0CB-4616-878B-4EB552E07E4E}.Debug|Any CPU.ActiveCfg = Debug|Any CPU
		{0B69E68A-B0CB-4616-878B-4EB552E07E4E}.Debug|Any CPU.Build.0 = Debug|Any CPU
		{0B69E68A-B0CB-4616-878B-4EB552E07E4E}.Release|Any CPU.ActiveCfg = Release|Any CPU
		{0B69E68A-B0CB-4616-878B-4EB552E07E4E}.Release|Any CPU.Build.0 = Release|Any CPU
		{FCECB79B-29AA-4B8A-BCE1-7085CF86957E}.Debug|Any CPU.ActiveCfg = Debug|Any CPU
		{FCECB79B-29AA-4B8A-BCE1-7085CF86957E}.Debug|Any CPU.Build.0 = Debug|Any CPU
		{FCECB79B-29AA-4B8A-BCE1-7085CF86957E}.Release|Any CPU.ActiveCfg = Release|Any CPU
		{FCECB79B-29AA-4B8A-BCE1-7085CF86957E}.Release|Any CPU.Build.0 = Release|Any CPU
	EndGlobalSection
EndGlobal
